
Microsoft Visual Studio Solution File, Format Version 12.00
# Visual Studio Version 16
VisualStudioVersion = 16.0.29926.136
MinimumVisualStudioVersion = 10.0.40219.1
Project("{FAE04EC0-301F-11D3-BF4B-00C04F79EFBC}") = "KolosProprawkowynr2", "KolosProprawkowynr2.csproj", "{7BE27DC7-3D77-49F6-808C-F774B9E295E5}"
EndProject
Global
	GlobalSection(SolutionConfigurationPlatforms) = preSolution
		Debug|Any CPU = Debug|Any CPU
		Release|Any CPU = Release|Any CPU
	EndGlobalSection
	GlobalSection(ProjectConfigurationPlatforms) = postSolution
		{7BE27DC7-3D77-49F6-808C-F774B9E295E5}.Debug|Any CPU.ActiveCfg = Debug|Any CPU
		{7BE27DC7-3D77-49F6-808C-F774B9E295E5}.Debug|Any CPU.Build.0 = Debug|Any CPU
		{7BE27DC7-3D77-49F6-808C-F774B9E295E5}.Release|Any CPU.ActiveCfg = Release|Any CPU
		{7BE27DC7-3D77-49F6-808C-F774B9E295E5}.Release|Any CPU.Build.0 = Release|Any CPU
	EndGlobalSection
	GlobalSection(SolutionProperties) = preSolution
		HideSolutionNode = FALSE
	EndGlobalSection
	GlobalSection(ExtensibilityGlobals) = postSolution
		SolutionGuid = {72D7B6EF-B2B4-476B-B9A9-596160DF43E6}
	EndGlobalSection
EndGlobal
